
Microsoft Visual Studio Solution File, Format Version 12.00
# Visual Studio Version 17
VisualStudioVersion = 17.7.34031.279
MinimumVisualStudioVersion = 10.0.40219.1
Project("{FAE04EC0-301F-11D3-BF4B-00C04F79EFBC}") = "code2_213060_prime_largest_factor", "code2_213060_prime_largest_factor.csproj", "{7CFC2746-258A-4A66-A08B-4C2A732518F2}"
EndProject
Global
	GlobalSection(SolutionConfigurationPlatforms) = preSolution
		Debug|Any CPU = Debug|Any CPU
		Release|Any CPU = Release|Any CPU
	EndGlobalSection
	GlobalSection(ProjectConfigurationPlatforms) = postSolution
		{7CFC2746-258A-4A66-A08B-4C2A732518F2}.Debug|Any CPU.ActiveCfg = Debug|Any CPU
		{7CFC2746-258A-4A66-A08B-4C2A732518F2}.Debug|Any CPU.Build.0 = Debug|Any CPU
		{7CFC2746-258A-4A66-A08B-4C2A732518F2}.Release|Any CPU.ActiveCfg = Release|Any CPU
		{7CFC2746-258A-4A66-A08B-4C2A732518F2}.Release|Any CPU.Build.0 = Release|Any CPU
	EndGlobalSection
	GlobalSection(SolutionProperties) = preSolution
		HideSolutionNode = FALSE
	EndGlobalSection
	GlobalSection(ExtensibilityGlobals) = postSolution
		SolutionGuid = {37B5ADF3-832D-4C12-B8C3-6208E3652A9E}
	EndGlobalSection
EndGlobal
