
Microsoft Visual Studio Solution File, Format Version 12.00
# Visual Studio Version 17
VisualStudioVersion = 17.7.34031.279
MinimumVisualStudioVersion = 10.0.40219.1
Project("{FAE04EC0-301F-11D3-BF4B-00C04F79EFBC}") = "code19_213060_private_constructors", "code19_213060_private_constructors.csproj", "{77B0C429-45D6-4E7E-9B56-84C635E0A5B6}"
EndProject
Global
	GlobalSection(SolutionConfigurationPlatforms) = preSolution
		Debug|Any CPU = Debug|Any CPU
		Release|Any CPU = Release|Any CPU
	EndGlobalSection
	GlobalSection(ProjectConfigurationPlatforms) = postSolution
		{77B0C429-45D6-4E7E-9B56-84C635E0A5B6}.Debug|Any CPU.ActiveCfg = Debug|Any CPU
		{77B0C429-45D6-4E7E-9B56-84C635E0A5B6}.Debug|Any CPU.Build.0 = Debug|Any CPU
		{77B0C429-45D6-4E7E-9B56-84C635E0A5B6}.Release|Any CPU.ActiveCfg = Release|Any CPU
		{77B0C429-45D6-4E7E-9B56-84C635E0A5B6}.Release|Any CPU.Build.0 = Release|Any CPU
	EndGlobalSection
	GlobalSection(SolutionProperties) = preSolution
		HideSolutionNode = FALSE
	EndGlobalSection
	GlobalSection(ExtensibilityGlobals) = postSolution
		SolutionGuid = {F08436E4-83BD-405F-B6E7-138B7E8605C2}
	EndGlobalSection
EndGlobal
