
Microsoft Visual Studio Solution File, Format Version 12.00
# Visual Studio Version 17
VisualStudioVersion = 17.7.34031.279
MinimumVisualStudioVersion = 10.0.40219.1
Project("{FAE04EC0-301F-11D3-BF4B-00C04F79EFBC}") = "code13_213060_emurations", "code13_213060_emurations.csproj", "{168E772E-6C46-4D1E-BF1B-4F3C92F1ECFF}"
EndProject
Global
	GlobalSection(SolutionConfigurationPlatforms) = preSolution
		Debug|Any CPU = Debug|Any CPU
		Release|Any CPU = Release|Any CPU
	EndGlobalSection
	GlobalSection(ProjectConfigurationPlatforms) = postSolution
		{168E772E-6C46-4D1E-BF1B-4F3C92F1ECFF}.Debug|Any CPU.ActiveCfg = Debug|Any CPU
		{168E772E-6C46-4D1E-BF1B-4F3C92F1ECFF}.Debug|Any CPU.Build.0 = Debug|Any CPU
		{168E772E-6C46-4D1E-BF1B-4F3C92F1ECFF}.Release|Any CPU.ActiveCfg = Release|Any CPU
		{168E772E-6C46-4D1E-BF1B-4F3C92F1ECFF}.Release|Any CPU.Build.0 = Release|Any CPU
	EndGlobalSection
	GlobalSection(SolutionProperties) = preSolution
		HideSolutionNode = FALSE
	EndGlobalSection
	GlobalSection(ExtensibilityGlobals) = postSolution
		SolutionGuid = {A9152110-5763-48A6-B05C-EA1753A25F0E}
	EndGlobalSection
EndGlobal
